// !$*UTF8*$!
{
	archiveVersion = 1;
	classes = {
	};
	objectVersion = 50;
	objects = {

/* Begin PBXBuildFile section */
		9938F6652689A7C700F9BFAC /* AppDelegate.m in Sources */ = {isa = PBXBuildFile; fileRef = 9938F6642689A7C700F9BFAC /* AppDelegate.m */; };
		9938F66B2689A7C700F9BFAC /* ViewController.mm in Sources */ = {isa = PBXBuildFile; fileRef = 9938F66A2689A7C700F9BFAC /* ViewController.mm */; };
		9938F66E2689A7C700F9BFAC /* Main.storyboard in Resources */ = {isa = PBXBuildFile; fileRef = 9938F66C2689A7C700F9BFAC /* Main.storyboard */; };
		9938F6702689A7CC00F9BFAC /* Assets.xcassets in Resources */ = {isa = PBXBuildFile; fileRef = 9938F66F2689A7CC00F9BFAC /* Assets.xcassets */; };
		9938F6732689A7CC00F9BFAC /* LaunchScreen.storyboard in Resources */ = {isa = PBXBuildFile; fileRef = 9938F6712689A7CC00F9BFAC /* LaunchScreen.storyboard */; };
		9938F6762689A7CC00F9BFAC /* main.m in Sources */ = {isa = PBXBuildFile; fileRef = 9938F6752689A7CC00F9BFAC /* main.m */; };
		9938F6822689ADB600F9BFAC /* Mp3Encoder.cpp in Sources */ = {isa = PBXBuildFile; fileRef = 9938F6802689ADB600F9BFAC /* Mp3Encoder.cpp */; };
		9938F68B268AB81F00F9BFAC /* vocal.pcm in Resources */ = {isa = PBXBuildFile; fileRef = 9938F68A268AB81F00F9BFAC /* vocal.pcm */; };
		9938F68E268AB8F700F9BFAC /* MHUtil.m in Sources */ = {isa = PBXBuildFile; fileRef = 9938F68D268AB8F700F9BFAC /* MHUtil.m */; };
		9938F73C268C492300F9BFAC /* AudioToolbox.framework in Frameworks */ = {isa = PBXBuildFile; fileRef = 9938F73B268C492300F9BFAC /* AudioToolbox.framework */; };
		9938F73E268C492D00F9BFAC /* CoreMedia.framework in Frameworks */ = {isa = PBXBuildFile; fileRef = 9938F73D268C492D00F9BFAC /* CoreMedia.framework */; };
		9938F740268C493300F9BFAC /* VideoToolbox.framework in Frameworks */ = {isa = PBXBuildFile; fileRef = 9938F73F268C493300F9BFAC /* VideoToolbox.framework */; };
		9938F7EB268C5A2400F9BFAC /* libiconv.tbd in Frameworks */ = {isa = PBXBuildFile; fileRef = 9938F73A268C491900F9BFAC /* libiconv.tbd */; };
		9938F872268C5A9000F9BFAC /* libavutil.a in Frameworks */ = {isa = PBXBuildFile; fileRef = 9938F86C268C5A9000F9BFAC /* libavutil.a */; };
		9938F873268C5A9000F9BFAC /* libavfilter.a in Frameworks */ = {isa = PBXBuildFile; fileRef = 9938F86D268C5A9000F9BFAC /* libavfilter.a */; };
		9938F874268C5A9000F9BFAC /* libavcodec.a in Frameworks */ = {isa = PBXBuildFile; fileRef = 9938F86E268C5A9000F9BFAC /* libavcodec.a */; };
		9938F875268C5A9000F9BFAC /* libavformat.a in Frameworks */ = {isa = PBXBuildFile; fileRef = 9938F86F268C5A9000F9BFAC /* libavformat.a */; };
		9938F876268C5A9000F9BFAC /* libswresample.a in Frameworks */ = {isa = PBXBuildFile; fileRef = 9938F870268C5A9000F9BFAC /* libswresample.a */; };
		9938F877268C5A9000F9BFAC /* libswscale.a in Frameworks */ = {isa = PBXBuildFile; fileRef = 9938F871268C5A9000F9BFAC /* libswscale.a */; };
		9938F878268C641000F9BFAC /* libz.tbd in Frameworks */ = {isa = PBXBuildFile; fileRef = 9938F738268C48EF00F9BFAC /* libz.tbd */; };
		9938F879268C641E00F9BFAC /* libbz2.tbd in Frameworks */ = {isa = PBXBuildFile; fileRef = 9938F739268C490E00F9BFAC /* libbz2.tbd */; };
		9938F885268C64E800F9BFAC /* libfdk-aac.a in Frameworks */ = {isa = PBXBuildFile; fileRef = 9938F884268C64E700F9BFAC /* libfdk-aac.a */; };
		9938F88C268C650100F9BFAC /* libmp3lame.a in Frameworks */ = {isa = PBXBuildFile; fileRef = 9938F88B268C650100F9BFAC /* libmp3lame.a */; };
		9938F893268C651900F9BFAC /* libx264.a in Frameworks */ = {isa = PBXBuildFile; fileRef = 9938F892268C651900F9BFAC /* libx264.a */; };
/* End PBXBuildFile section */

/* Begin PBXFileReference section */
		9938F6602689A7C700F9BFAC /* FFmpeg_Demo.app */ = {isa = PBXFileReference; explicitFileType = wrapper.application; includeInIndex = 0; path = FFmpeg_Demo.app; sourceTree = BUILT_PRODUCTS_DIR; };
		9938F6632689A7C700F9BFAC /* AppDelegate.h */ = {isa = PBXFileReference; lastKnownFileType = sourcecode.c.h; path = AppDelegate.h; sourceTree = "<group>"; };
		9938F6642689A7C700F9BFAC /* AppDelegate.m */ = {isa = PBXFileReference; lastKnownFileType = sourcecode.c.objc; path = AppDelegate.m; sourceTree = "<group>"; };
		9938F6692689A7C700F9BFAC /* ViewController.h */ = {isa = PBXFileReference; lastKnownFileType = sourcecode.c.h; path = ViewController.h; sourceTree = "<group>"; };
		9938F66A2689A7C700F9BFAC /* ViewController.mm */ = {isa = PBXFileReference; lastKnownFileType = sourcecode.cpp.objcpp; path = ViewController.mm; sourceTree = "<group>"; };
		9938F66D2689A7C700F9BFAC /* Base */ = {isa = PBXFileReference; lastKnownFileType = file.storyboard; name = Base; path = Base.lproj/Main.storyboard; sourceTree = "<group>"; };
		9938F66F2689A7CC00F9BFAC /* Assets.xcassets */ = {isa = PBXFileReference; lastKnownFileType = folder.assetcatalog; path = Assets.xcassets; sourceTree = "<group>"; };
		9938F6722689A7CC00F9BFAC /* Base */ = {isa = PBXFileReference; lastKnownFileType = file.storyboard; name = Base; path = Base.lproj/LaunchScreen.storyboard; sourceTree = "<group>"; };
		9938F6742689A7CC00F9BFAC /* Info.plist */ = {isa = PBXFileReference; lastKnownFileType = text.plist.xml; path = Info.plist; sourceTree = "<group>"; };
		9938F6752689A7CC00F9BFAC /* main.m */ = {isa = PBXFileReference; lastKnownFileType = sourcecode.c.objc; path = main.m; sourceTree = "<group>"; };
		9938F6802689ADB600F9BFAC /* Mp3Encoder.cpp */ = {isa = PBXFileReference; lastKnownFileType = sourcecode.cpp.cpp; path = Mp3Encoder.cpp; sourceTree = "<group>"; };
		9938F6812689ADB600F9BFAC /* Mp3Encoder.hpp */ = {isa = PBXFileReference; lastKnownFileType = sourcecode.cpp.h; path = Mp3Encoder.hpp; sourceTree = "<group>"; };
		9938F68A268AB81F00F9BFAC /* vocal.pcm */ = {isa = PBXFileReference; lastKnownFileType = file; path = vocal.pcm; sourceTree = "<group>"; };
		9938F68C268AB8F700F9BFAC /* MHUtil.h */ = {isa = PBXFileReference; lastKnownFileType = sourcecode.c.h; path = MHUtil.h; sourceTree = "<group>"; };
		9938F68D268AB8F700F9BFAC /* MHUtil.m */ = {isa = PBXFileReference; lastKnownFileType = sourcecode.c.objc; path = MHUtil.m; sourceTree = "<group>"; };
		9938F738268C48EF00F9BFAC /* libz.tbd */ = {isa = PBXFileReference; lastKnownFileType = "sourcecode.text-based-dylib-definition"; name = libz.tbd; path = usr/lib/libz.tbd; sourceTree = SDKROOT; };
		9938F739268C490E00F9BFAC /* libbz2.tbd */ = {isa = PBXFileReference; lastKnownFileType = "sourcecode.text-based-dylib-definition"; name = libbz2.tbd; path = usr/lib/libbz2.tbd; sourceTree = SDKROOT; };
		9938F73A268C491900F9BFAC /* libiconv.tbd */ = {isa = PBXFileReference; lastKnownFileType = "sourcecode.text-based-dylib-definition"; name = libiconv.tbd; path = usr/lib/libiconv.tbd; sourceTree = SDKROOT; };
		9938F73B268C492300F9BFAC /* AudioToolbox.framework */ = {isa = PBXFileReference; lastKnownFileType = wrapper.framework; name = AudioToolbox.framework; path = System/Library/Frameworks/AudioToolbox.framework; sourceTree = SDKROOT; };
		9938F73D268C492D00F9BFAC /* CoreMedia.framework */ = {isa = PBXFileReference; lastKnownFileType = wrapper.framework; name = CoreMedia.framework; path = System/Library/Frameworks/CoreMedia.framework; sourceTree = SDKROOT; };
		9938F73F268C493300F9BFAC /* VideoToolbox.framework */ = {isa = PBXFileReference; lastKnownFileType = wrapper.framework; name = VideoToolbox.framework; path = System/Library/Frameworks/VideoToolbox.framework; sourceTree = SDKROOT; };
		9938F7EA268C59FC00F9BFAC /* libiconv.2.4.0.tbd */ = {isa = PBXFileReference; lastKnownFileType = "sourcecode.text-based-dylib-definition"; name = libiconv.2.4.0.tbd; path = usr/lib/libiconv.2.4.0.tbd; sourceTree = SDKROOT; };
		9938F7EE268C5A9000F9BFAC /* version.h */ = {isa = PBXFileReference; fileEncoding = 4; lastKnownFileType = sourcecode.c.h; path = version.h; sourceTree = "<group>"; };
		9938F7EF268C5A9000F9BFAC /* buffersrc.h */ = {isa = PBXFileReference; fileEncoding = 4; lastKnownFileType = sourcecode.c.h; path = buffersrc.h; sourceTree = "<group>"; };
		9938F7F0268C5A9000F9BFAC /* buffersink.h */ = {isa = PBXFileReference; fileEncoding = 4; lastKnownFileType = sourcecode.c.h; path = buffersink.h; sourceTree = "<group>"; };
		9938F7F1268C5A9000F9BFAC /* avfilter.h */ = {isa = PBXFileReference; fileEncoding = 4; lastKnownFileType = sourcecode.c.h; path = avfilter.h; sourceTree = "<group>"; };
		9938F7F3268C5A9000F9BFAC /* hwcontext.h */ = {isa = PBXFileReference; fileEncoding = 4; lastKnownFileType = sourcecode.c.h; path = hwcontext.h; sourceTree = "<group>"; };
		9938F7F4268C5A9000F9BFAC /* time.h */ = {isa = PBXFileReference; fileEncoding = 4; lastKnownFileType = sourcecode.c.h; path = time.h; sourceTree = "<group>"; };
		9938F7F5268C5A9000F9BFAC /* hwcontext_cuda.h */ = {isa = PBXFileReference; fileEncoding = 4; lastKnownFileType = sourcecode.c.h; path = hwcontext_cuda.h; sourceTree = "<group>"; };
		9938F7F6268C5A9000F9BFAC /* intfloat.h */ = {isa = PBXFileReference; fileEncoding = 4; lastKnownFileType = sourcecode.c.h; path = intfloat.h; sourceTree = "<group>"; };
		9938F7F7268C5A9000F9BFAC /* error.h */ = {isa = PBXFileReference; fileEncoding = 4; lastKnownFileType = sourcecode.c.h; path = error.h; sourceTree = "<group>"; };
		9938F7F8268C5A9000F9BFAC /* fifo.h */ = {isa = PBXFileReference; fileEncoding = 4; lastKnownFileType = sourcecode.c.h; path = fifo.h; sourceTree = "<group>"; };
		9938F7F9268C5A9000F9BFAC /* blowfish.h */ = {isa = PBXFileReference; fileEncoding = 4; lastKnownFileType = sourcecode.c.h; path = blowfish.h; sourceTree = "<group>"; };
		9938F7FA268C5A9000F9BFAC /* hwcontext_mediacodec.h */ = {isa = PBXFileReference; fileEncoding = 4; lastKnownFileType = sourcecode.c.h; path = hwcontext_mediacodec.h; sourceTree = "<group>"; };
		9938F7FB268C5A9000F9BFAC /* replaygain.h */ = {isa = PBXFileReference; fileEncoding = 4; lastKnownFileType = sourcecode.c.h; path = replaygain.h; sourceTree = "<group>"; };
		9938F7FC268C5A9000F9BFAC /* version.h */ = {isa = PBXFileReference; fileEncoding = 4; lastKnownFileType = sourcecode.c.h; path = version.h; sourceTree = "<group>"; };
		9938F7FD268C5A9000F9BFAC /* murmur3.h */ = {isa = PBXFileReference; fileEncoding = 4; lastKnownFileType = sourcecode.c.h; path = murmur3.h; sourceTree = "<group>"; };
		9938F7FE268C5A9000F9BFAC /* stereo3d.h */ = {isa = PBXFileReference; fileEncoding = 4; lastKnownFileType = sourcecode.c.h; path = stereo3d.h; sourceTree = "<group>"; };
		9938F7FF268C5A9000F9BFAC /* samplefmt.h */ = {isa = PBXFileReference; fileEncoding = 4; lastKnownFileType = sourcecode.c.h; path = samplefmt.h; sourceTree = "<group>"; };
		9938F800268C5A9000F9BFAC /* pixdesc.h */ = {isa = PBXFileReference; fileEncoding = 4; lastKnownFileType = sourcecode.c.h; path = pixdesc.h; sourceTree = "<group>"; };
		9938F801268C5A9000F9BFAC /* base64.h */ = {isa = PBXFileReference; fileEncoding = 4; lastKnownFileType = sourcecode.c.h; path = base64.h; sourceTree = "<group>"; };
		9938F802268C5A9000F9BFAC /* rational.h */ = {isa = PBXFileReference; fileEncoding = 4; lastKnownFileType = sourcecode.c.h; path = rational.h; sourceTree = "<group>"; };
		9938F803268C5A9000F9BFAC /* sha.h */ = {isa = PBXFileReference; fileEncoding = 4; lastKnownFileType = sourcecode.c.h; path = sha.h; sourceTree = "<group>"; };
		9938F804268C5A9000F9BFAC /* motion_vector.h */ = {isa = PBXFileReference; fileEncoding = 4; lastKnownFileType = sourcecode.c.h; path = motion_vector.h; sourceTree = "<group>"; };
		9938F805268C5A9000F9BFAC /* avconfig.h */ = {isa = PBXFileReference; fileEncoding = 4; lastKnownFileType = sourcecode.c.h; path = avconfig.h; sourceTree = "<group>"; };
		9938F806268C5A9000F9BFAC /* lfg.h */ = {isa = PBXFileReference; fileEncoding = 4; lastKnownFileType = sourcecode.c.h; path = lfg.h; sourceTree = "<group>"; };
		9938F807268C5A9000F9BFAC /* avutil.h */ = {isa = PBXFileReference; fileEncoding = 4; lastKnownFileType = sourcecode.c.h; path = avutil.h; sourceTree = "<group>"; };
		9938F808268C5A9000F9BFAC /* hwcontext_vulkan.h */ = {isa = PBXFileReference; fileEncoding = 4; lastKnownFileType = sourcecode.c.h; path = hwcontext_vulkan.h; sourceTree = "<group>"; };
		9938F809268C5A9000F9BFAC /* xtea.h */ = {isa = PBXFileReference; fileEncoding = 4; lastKnownFileType = sourcecode.c.h; path = xtea.h; sourceTree = "<group>"; };
		9938F80A268C5A9000F9BFAC /* crc.h */ = {isa = PBXFileReference; fileEncoding = 4; lastKnownFileType = sourcecode.c.h; path = crc.h; sourceTree = "<group>"; };
		9938F80B268C5A9000F9BFAC /* hwcontext_vdpau.h */ = {isa = PBXFileReference; fileEncoding = 4; lastKnownFileType = sourcecode.c.h; path = hwcontext_vdpau.h; sourceTree = "<group>"; };
		9938F80C268C5A9000F9BFAC /* frame.h */ = {isa = PBXFileReference; fileEncoding = 4; lastKnownFileType = sourcecode.c.h; path = frame.h; sourceTree = "<group>"; };
		9938F80D268C5A9000F9BFAC /* file.h */ = {isa = PBXFileReference; fileEncoding = 4; lastKnownFileType = sourcecode.c.h; path = file.h; sourceTree = "<group>"; };
		9938F80E268C5A9000F9BFAC /* md5.h */ = {isa = PBXFileReference; fileEncoding = 4; lastKnownFileType = sourcecode.c.h; path = md5.h; sourceTree = "<group>"; };
		9938F80F268C5A9000F9BFAC /* cast5.h */ = {isa = PBXFileReference; fileEncoding = 4; lastKnownFileType = sourcecode.c.h; path = cast5.h; sourceTree = "<group>"; };
		9938F810268C5A9000F9BFAC /* hwcontext_vaapi.h */ = {isa = PBXFileReference; fileEncoding = 4; lastKnownFileType = sourcecode.c.h; path = hwcontext_vaapi.h; sourceTree = "<group>"; };
		9938F811268C5A9000F9BFAC /* spherical.h */ = {isa = PBXFileReference; fileEncoding = 4; lastKnownFileType = sourcecode.c.h; path = spherical.h; sourceTree = "<group>"; };
		9938F812268C5A9000F9BFAC /* ffversion.h */ = {isa = PBXFileReference; fileEncoding = 4; lastKnownFileType = sourcecode.c.h; path = ffversion.h; sourceTree = "<group>"; };
		9938F813268C5A9000F9BFAC /* hwcontext_opencl.h */ = {isa = PBXFileReference; fileEncoding = 4; lastKnownFileType = sourcecode.c.h; path = hwcontext_opencl.h; sourceTree = "<group>"; };
		9938F814268C5A9000F9BFAC /* audio_fifo.h */ = {isa = PBXFileReference; fileEncoding = 4; lastKnownFileType = sourcecode.c.h; path = audio_fifo.h; sourceTree = "<group>"; };
		9938F815268C5A9000F9BFAC /* tree.h */ = {isa = PBXFileReference; fileEncoding = 4; lastKnownFileType = sourcecode.c.h; path = tree.h; sourceTree = "<group>"; };
		9938F816268C5A9000F9BFAC /* threadmessage.h */ = {isa = PBXFileReference; fileEncoding = 4; lastKnownFileType = sourcecode.c.h; path = threadmessage.h; sourceTree = "<group>"; };
		9938F817268C5A9000F9BFAC /* attributes.h */ = {isa = PBXFileReference; fileEncoding = 4; lastKnownFileType = sourcecode.c.h; path = attributes.h; sourceTree = "<group>"; };
		9938F818268C5A9000F9BFAC /* adler32.h */ = {isa = PBXFileReference; fileEncoding = 4; lastKnownFileType = sourcecode.c.h; path = adler32.h; sourceTree = "<group>"; };
		9938F819268C5A9000F9BFAC /* hwcontext_d3d11va.h */ = {isa = PBXFileReference; fileEncoding = 4; lastKnownFileType = sourcecode.c.h; path = hwcontext_d3d11va.h; sourceTree = "<group>"; };
		9938F81A268C5A9000F9BFAC /* timecode.h */ = {isa = PBXFileReference; fileEncoding = 4; lastKnownFileType = sourcecode.c.h; path = timecode.h; sourceTree = "<group>"; };
		9938F81B268C5A9000F9BFAC /* dovi_meta.h */ = {isa = PBXFileReference; fileEncoding = 4; lastKnownFileType = sourcecode.c.h; path = dovi_meta.h; sourceTree = "<group>"; };
		9938F81C268C5A9000F9BFAC /* tx.h */ = {isa = PBXFileReference; fileEncoding = 4; lastKnownFileType = sourcecode.c.h; path = tx.h; sourceTree = "<group>"; };
		9938F81D268C5A9000F9BFAC /* sha512.h */ = {isa = PBXFileReference; fileEncoding = 4; lastKnownFileType = sourcecode.c.h; path = sha512.h; sourceTree = "<group>"; };
		9938F81E268C5A9000F9BFAC /* hwcontext_dxva2.h */ = {isa = PBXFileReference; fileEncoding = 4; lastKnownFileType = sourcecode.c.h; path = hwcontext_dxva2.h; sourceTree = "<group>"; };
		9938F81F268C5A9000F9BFAC /* display.h */ = {isa = PBXFileReference; fileEncoding = 4; lastKnownFileType = sourcecode.c.h; path = display.h; sourceTree = "<group>"; };
		9938F820268C5A9000F9BFAC /* buffer.h */ = {isa = PBXFileReference; fileEncoding = 4; lastKnownFileType = sourcecode.c.h; path = buffer.h; sourceTree = "<group>"; };
		9938F821268C5A9000F9BFAC /* camellia.h */ = {isa = PBXFileReference; fileEncoding = 4; lastKnownFileType = sourcecode.c.h; path = camellia.h; sourceTree = "<group>"; };
		9938F822268C5A9000F9BFAC /* pixelutils.h */ = {isa = PBXFileReference; fileEncoding = 4; lastKnownFileType = sourcecode.c.h; path = pixelutils.h; sourceTree = "<group>"; };
		9938F823268C5A9000F9BFAC /* hwcontext_drm.h */ = {isa = PBXFileReference; fileEncoding = 4; lastKnownFileType = sourcecode.c.h; path = hwcontext_drm.h; sourceTree = "<group>"; };
		9938F824268C5A9000F9BFAC /* common.h */ = {isa = PBXFileReference; fileEncoding = 4; lastKnownFileType = sourcecode.c.h; path = common.h; sourceTree = "<group>"; };
		9938F825268C5A9000F9BFAC /* hmac.h */ = {isa = PBXFileReference; fileEncoding = 4; lastKnownFileType = sourcecode.c.h; path = hmac.h; sourceTree = "<group>"; };
		9938F826268C5A9000F9BFAC /* eval.h */ = {isa = PBXFileReference; fileEncoding = 4; lastKnownFileType = sourcecode.c.h; path = eval.h; sourceTree = "<group>"; };
		9938F827268C5A9000F9BFAC /* dict.h */ = {isa = PBXFileReference; fileEncoding = 4; lastKnownFileType = sourcecode.c.h; path = dict.h; sourceTree = "<group>"; };
		9938F828268C5A9000F9BFAC /* random_seed.h */ = {isa = PBXFileReference; fileEncoding = 4; lastKnownFileType = sourcecode.c.h; path = random_seed.h; sourceTree = "<group>"; };
		9938F829268C5A9000F9BFAC /* opt.h */ = {isa = PBXFileReference; fileEncoding = 4; lastKnownFileType = sourcecode.c.h; path = opt.h; sourceTree = "<group>"; };
		9938F82A268C5A9000F9BFAC /* mastering_display_metadata.h */ = {isa = PBXFileReference; fileEncoding = 4; lastKnownFileType = sourcecode.c.h; path = mastering_display_metadata.h; sourceTree = "<group>"; };
		9938F82B268C5A9000F9BFAC /* log.h */ = {isa = PBXFileReference; fileEncoding = 4; lastKnownFileType = sourcecode.c.h; path = log.h; sourceTree = "<group>"; };
		9938F82C268C5A9000F9BFAC /* aes.h */ = {isa = PBXFileReference; fileEncoding = 4; lastKnownFileType = sourcecode.c.h; path = aes.h; sourceTree = "<group>"; };
		9938F82D268C5A9000F9BFAC /* macros.h */ = {isa = PBXFileReference; fileEncoding = 4; lastKnownFileType = sourcecode.c.h; path = macros.h; sourceTree = "<group>"; };
		9938F82E268C5A9000F9BFAC /* bswap.h */ = {isa = PBXFileReference; fileEncoding = 4; lastKnownFileType = sourcecode.c.h; path = bswap.h; sourceTree = "<group>"; };
		9938F82F268C5A9000F9BFAC /* rc4.h */ = {isa = PBXFileReference; fileEncoding = 4; lastKnownFileType = sourcecode.c.h; path = rc4.h; sourceTree = "<group>"; };
		9938F830268C5A9000F9BFAC /* tea.h */ = {isa = PBXFileReference; fileEncoding = 4; lastKnownFileType = sourcecode.c.h; path = tea.h; sourceTree = "<group>"; };
		9938F831268C5A9000F9BFAC /* cpu.h */ = {isa = PBXFileReference; fileEncoding = 4; lastKnownFileType = sourcecode.c.h; path = cpu.h; sourceTree = "<group>"; };
		9938F832268C5A9000F9BFAC /* des.h */ = {isa = PBXFileReference; fileEncoding = 4; lastKnownFileType = sourcecode.c.h; path = des.h; sourceTree = "<group>"; };
		9938F833268C5A9000F9BFAC /* channel_layout.h */ = {isa = PBXFileReference; fileEncoding = 4; lastKnownFileType = sourcecode.c.h; path = channel_layout.h; sourceTree = "<group>"; };
		9938F834268C5A9000F9BFAC /* encryption_info.h */ = {isa = PBXFileReference; fileEncoding = 4; lastKnownFileType = sourcecode.c.h; path = encryption_info.h; sourceTree = "<group>"; };
		9938F835268C5A9000F9BFAC /* twofish.h */ = {isa = PBXFileReference; fileEncoding = 4; lastKnownFileType = sourcecode.c.h; path = twofish.h; sourceTree = "<group>"; };
		9938F836268C5A9000F9BFAC /* imgutils.h */ = {isa = PBXFileReference; fileEncoding = 4; lastKnownFileType = sourcecode.c.h; path = imgutils.h; sourceTree = "<group>"; };
		9938F837268C5A9000F9BFAC /* hwcontext_videotoolbox.h */ = {isa = PBXFileReference; fileEncoding = 4; lastKnownFileType = sourcecode.c.h; path = hwcontext_videotoolbox.h; sourceTree = "<group>"; };
		9938F838268C5A9000F9BFAC /* video_enc_params.h */ = {isa = PBXFileReference; fileEncoding = 4; lastKnownFileType = sourcecode.c.h; path = video_enc_params.h; sourceTree = "<group>"; };
		9938F839268C5A9000F9BFAC /* mem.h */ = {isa = PBXFileReference; fileEncoding = 4; lastKnownFileType = sourcecode.c.h; path = mem.h; sourceTree = "<group>"; };
		9938F83A268C5A9000F9BFAC /* parseutils.h */ = {isa = PBXFileReference; fileEncoding = 4; lastKnownFileType = sourcecode.c.h; path = parseutils.h; sourceTree = "<group>"; };
		9938F83B268C5A9000F9BFAC /* ripemd.h */ = {isa = PBXFileReference; fileEncoding = 4; lastKnownFileType = sourcecode.c.h; path = ripemd.h; sourceTree = "<group>"; };
		9938F83C268C5A9000F9BFAC /* bprint.h */ = {isa = PBXFileReference; fileEncoding = 4; lastKnownFileType = sourcecode.c.h; path = bprint.h; sourceTree = "<group>"; };
		9938F83D268C5A9000F9BFAC /* hdr_dynamic_metadata.h */ = {isa = PBXFileReference; fileEncoding = 4; lastKnownFileType = sourcecode.c.h; path = hdr_dynamic_metadata.h; sourceTree = "<group>"; };
		9938F83E268C5A9000F9BFAC /* hwcontext_qsv.h */ = {isa = PBXFileReference; fileEncoding = 4; lastKnownFileType = sourcecode.c.h; path = hwcontext_qsv.h; sourceTree = "<group>"; };
		9938F83F268C5A9000F9BFAC /* pixfmt.h */ = {isa = PBXFileReference; fileEncoding = 4; lastKnownFileType = sourcecode.c.h; path = pixfmt.h; sourceTree = "<group>"; };
		9938F840268C5A9000F9BFAC /* aes_ctr.h */ = {isa = PBXFileReference; fileEncoding = 4; lastKnownFileType = sourcecode.c.h; path = aes_ctr.h; sourceTree = "<group>"; };
		9938F841268C5A9000F9BFAC /* timestamp.h */ = {isa = PBXFileReference; fileEncoding = 4; lastKnownFileType = sourcecode.c.h; path = timestamp.h; sourceTree = "<group>"; };
		9938F842268C5A9000F9BFAC /* downmix_info.h */ = {isa = PBXFileReference; fileEncoding = 4; lastKnownFileType = sourcecode.c.h; path = downmix_info.h; sourceTree = "<group>"; };
		9938F843268C5A9000F9BFAC /* avassert.h */ = {isa = PBXFileReference; fileEncoding = 4; lastKnownFileType = sourcecode.c.h; path = avassert.h; sourceTree = "<group>"; };
		9938F844268C5A9000F9BFAC /* hash.h */ = {isa = PBXFileReference; fileEncoding = 4; lastKnownFileType = sourcecode.c.h; path = hash.h; sourceTree = "<group>"; };
		9938F845268C5A9000F9BFAC /* mathematics.h */ = {isa = PBXFileReference; fileEncoding = 4; lastKnownFileType = sourcecode.c.h; path = mathematics.h; sourceTree = "<group>"; };
		9938F846268C5A9000F9BFAC /* intreadwrite.h */ = {isa = PBXFileReference; fileEncoding = 4; lastKnownFileType = sourcecode.c.h; path = intreadwrite.h; sourceTree = "<group>"; };
		9938F847268C5A9000F9BFAC /* avstring.h */ = {isa = PBXFileReference; fileEncoding = 4; lastKnownFileType = sourcecode.c.h; path = avstring.h; sourceTree = "<group>"; };
		9938F849268C5A9000F9BFAC /* version.h */ = {isa = PBXFileReference; fileEncoding = 4; lastKnownFileType = sourcecode.c.h; path = version.h; sourceTree = "<group>"; };
		9938F84A268C5A9000F9BFAC /* avio.h */ = {isa = PBXFileReference; fileEncoding = 4; lastKnownFileType = sourcecode.c.h; path = avio.h; sourceTree = "<group>"; };
		9938F84B268C5A9000F9BFAC /* avformat.h */ = {isa = PBXFileReference; fileEncoding = 4; lastKnownFileType = sourcecode.c.h; path = avformat.h; sourceTree = "<group>"; };
		9938F84D268C5A9000F9BFAC /* version.h */ = {isa = PBXFileReference; fileEncoding = 4; lastKnownFileType = sourcecode.c.h; path = version.h; sourceTree = "<group>"; };
		9938F84E268C5A9000F9BFAC /* swscale.h */ = {isa = PBXFileReference; fileEncoding = 4; lastKnownFileType = sourcecode.c.h; path = swscale.h; sourceTree = "<group>"; };
		9938F850268C5A9000F9BFAC /* adts_parser.h */ = {isa = PBXFileReference; fileEncoding = 4; lastKnownFileType = sourcecode.c.h; path = adts_parser.h; sourceTree = "<group>"; };
		9938F851268C5A9000F9BFAC /* avcodec.h */ = {isa = PBXFileReference; fileEncoding = 4; lastKnownFileType = sourcecode.c.h; path = avcodec.h; sourceTree = "<group>"; };
		9938F852268C5A9000F9BFAC /* version.h */ = {isa = PBXFileReference; fileEncoding = 4; lastKnownFileType = sourcecode.c.h; path = version.h; sourceTree = "<group>"; };
		9938F853268C5A9000F9BFAC /* vdpau.h */ = {isa = PBXFileReference; fileEncoding = 4; lastKnownFileType = sourcecode.c.h; path = vdpau.h; sourceTree = "<group>"; };
		9938F854268C5A9000F9BFAC /* codec_par.h */ = {isa = PBXFileReference; fileEncoding = 4; lastKnownFileType = sourcecode.c.h; path = codec_par.h; sourceTree = "<group>"; };
		9938F855268C5A9000F9BFAC /* qsv.h */ = {isa = PBXFileReference; fileEncoding = 4; lastKnownFileType = sourcecode.c.h; path = qsv.h; sourceTree = "<group>"; };
		9938F856268C5A9000F9BFAC /* vaapi.h */ = {isa = PBXFileReference; fileEncoding = 4; lastKnownFileType = sourcecode.c.h; path = vaapi.h; sourceTree = "<group>"; };
		9938F857268C5A9000F9BFAC /* codec_desc.h */ = {isa = PBXFileReference; fileEncoding = 4; lastKnownFileType = sourcecode.c.h; path = codec_desc.h; sourceTree = "<group>"; };
		9938F858268C5A9000F9BFAC /* videotoolbox.h */ = {isa = PBXFileReference; fileEncoding = 4; lastKnownFileType = sourcecode.c.h; path = videotoolbox.h; sourceTree = "<group>"; };
		9938F859268C5A9000F9BFAC /* xvmc.h */ = {isa = PBXFileReference; fileEncoding = 4; lastKnownFileType = sourcecode.c.h; path = xvmc.h; sourceTree = "<group>"; };
		9938F85A268C5A9000F9BFAC /* mediacodec.h */ = {isa = PBXFileReference; fileEncoding = 4; lastKnownFileType = sourcecode.c.h; path = mediacodec.h; sourceTree = "<group>"; };
		9938F85B268C5A9000F9BFAC /* d3d11va.h */ = {isa = PBXFileReference; fileEncoding = 4; lastKnownFileType = sourcecode.c.h; path = d3d11va.h; sourceTree = "<group>"; };
		9938F85C268C5A9000F9BFAC /* avfft.h */ = {isa = PBXFileReference; fileEncoding = 4; lastKnownFileType = sourcecode.c.h; path = avfft.h; sourceTree = "<group>"; };
		9938F85D268C5A9000F9BFAC /* codec.h */ = {isa = PBXFileReference; fileEncoding = 4; lastKnownFileType = sourcecode.c.h; path = codec.h; sourceTree = "<group>"; };
		9938F85E268C5A9000F9BFAC /* jni.h */ = {isa = PBXFileReference; fileEncoding = 4; lastKnownFileType = sourcecode.c.h; path = jni.h; sourceTree = "<group>"; };
		9938F85F268C5A9000F9BFAC /* packet.h */ = {isa = PBXFileReference; fileEncoding = 4; lastKnownFileType = sourcecode.c.h; path = packet.h; sourceTree = "<group>"; };
		9938F860268C5A9000F9BFAC /* bsf.h */ = {isa = PBXFileReference; fileEncoding = 4; lastKnownFileType = sourcecode.c.h; path = bsf.h; sourceTree = "<group>"; };
		9938F861268C5A9000F9BFAC /* codec_id.h */ = {isa = PBXFileReference; fileEncoding = 4; lastKnownFileType = sourcecode.c.h; path = codec_id.h; sourceTree = "<group>"; };
		9938F862268C5A9000F9BFAC /* dirac.h */ = {isa = PBXFileReference; fileEncoding = 4; lastKnownFileType = sourcecode.c.h; path = dirac.h; sourceTree = "<group>"; };
		9938F863268C5A9000F9BFAC /* avdct.h */ = {isa = PBXFileReference; fileEncoding = 4; lastKnownFileType = sourcecode.c.h; path = avdct.h; sourceTree = "<group>"; };
		9938F864268C5A9000F9BFAC /* ac3_parser.h */ = {isa = PBXFileReference; fileEncoding = 4; lastKnownFileType = sourcecode.c.h; path = ac3_parser.h; sourceTree = "<group>"; };
		9938F865268C5A9000F9BFAC /* vorbis_parser.h */ = {isa = PBXFileReference; fileEncoding = 4; lastKnownFileType = sourcecode.c.h; path = vorbis_parser.h; sourceTree = "<group>"; };
		9938F866268C5A9000F9BFAC /* dxva2.h */ = {isa = PBXFileReference; fileEncoding = 4; lastKnownFileType = sourcecode.c.h; path = dxva2.h; sourceTree = "<group>"; };
		9938F867268C5A9000F9BFAC /* dv_profile.h */ = {isa = PBXFileReference; fileEncoding = 4; lastKnownFileType = sourcecode.c.h; path = dv_profile.h; sourceTree = "<group>"; };
		9938F869268C5A9000F9BFAC /* version.h */ = {isa = PBXFileReference; fileEncoding = 4; lastKnownFileType = sourcecode.c.h; path = version.h; sourceTree = "<group>"; };
		9938F86A268C5A9000F9BFAC /* swresample.h */ = {isa = PBXFileReference; fileEncoding = 4; lastKnownFileType = sourcecode.c.h; path = swresample.h; sourceTree = "<group>"; };
		9938F86C268C5A9000F9BFAC /* libavutil.a */ = {isa = PBXFileReference; lastKnownFileType = archive.ar; path = libavutil.a; sourceTree = "<group>"; };
		9938F86D268C5A9000F9BFAC /* libavfilter.a */ = {isa = PBXFileReference; lastKnownFileType = archive.ar; path = libavfilter.a; sourceTree = "<group>"; };
		9938F86E268C5A9000F9BFAC /* libavcodec.a */ = {isa = PBXFileReference; lastKnownFileType = archive.ar; path = libavcodec.a; sourceTree = "<group>"; };
		9938F86F268C5A9000F9BFAC /* libavformat.a */ = {isa = PBXFileReference; lastKnownFileType = archive.ar; path = libavformat.a; sourceTree = "<group>"; };
		9938F870268C5A9000F9BFAC /* libswresample.a */ = {isa = PBXFileReference; lastKnownFileType = archive.ar; path = libswresample.a; sourceTree = "<group>"; };
		9938F871268C5A9000F9BFAC /* libswscale.a */ = {isa = PBXFileReference; lastKnownFileType = archive.ar; path = libswscale.a; sourceTree = "<group>"; };
		9938F87D268C64E700F9BFAC /* syslib_channelMapDescr.h */ = {isa = PBXFileReference; fileEncoding = 4; lastKnownFileType = sourcecode.c.h; path = syslib_channelMapDescr.h; sourceTree = "<group>"; };
		9938F87E268C64E700F9BFAC /* aacdecoder_lib.h */ = {isa = PBXFileReference; fileEncoding = 4; lastKnownFileType = sourcecode.c.h; path = aacdecoder_lib.h; sourceTree = "<group>"; };
		9938F87F268C64E700F9BFAC /* machine_type.h */ = {isa = PBXFileReference; fileEncoding = 4; lastKnownFileType = sourcecode.c.h; path = machine_type.h; sourceTree = "<group>"; };
		9938F880268C64E700F9BFAC /* aacenc_lib.h */ = {isa = PBXFileReference; fileEncoding = 4; lastKnownFileType = sourcecode.c.h; path = aacenc_lib.h; sourceTree = "<group>"; };
		9938F881268C64E700F9BFAC /* genericStds.h */ = {isa = PBXFileReference; fileEncoding = 4; lastKnownFileType = sourcecode.c.h; path = genericStds.h; sourceTree = "<group>"; };
		9938F882268C64E700F9BFAC /* FDK_audio.h */ = {isa = PBXFileReference; fileEncoding = 4; lastKnownFileType = sourcecode.c.h; path = FDK_audio.h; sourceTree = "<group>"; };
		9938F884268C64E700F9BFAC /* libfdk-aac.a */ = {isa = PBXFileReference; lastKnownFileType = archive.ar; path = "libfdk-aac.a"; sourceTree = "<group>"; };
		9938F889268C650100F9BFAC /* lame.h */ = {isa = PBXFileReference; fileEncoding = 4; lastKnownFileType = sourcecode.c.h; path = lame.h; sourceTree = "<group>"; };
		9938F88B268C650100F9BFAC /* libmp3lame.a */ = {isa = PBXFileReference; lastKnownFileType = archive.ar; path = libmp3lame.a; sourceTree = "<group>"; };
		9938F88F268C651900F9BFAC /* x264_config.h */ = {isa = PBXFileReference; fileEncoding = 4; lastKnownFileType = sourcecode.c.h; path = x264_config.h; sourceTree = "<group>"; };
		9938F890268C651900F9BFAC /* x264.h */ = {isa = PBXFileReference; fileEncoding = 4; lastKnownFileType = sourcecode.c.h; path = x264.h; sourceTree = "<group>"; };
		9938F892268C651900F9BFAC /* libx264.a */ = {isa = PBXFileReference; lastKnownFileType = archive.ar; path = libx264.a; sourceTree = "<group>"; };
		9938F895268C65F500F9BFAC /* PrefixHeader.pch */ = {isa = PBXFileReference; lastKnownFileType = sourcecode.c.h; path = PrefixHeader.pch; sourceTree = "<group>"; };
		99604121268C68BD00C714BF /* Header.h */ = {isa = PBXFileReference; lastKnownFileType = sourcecode.c.h; path = Header.h; sourceTree = "<group>"; };
/* End PBXFileReference section */

/* Begin PBXFrameworksBuildPhase section */
		9938F65D2689A7C700F9BFAC /* Frameworks */ = {
			isa = PBXFrameworksBuildPhase;
			buildActionMask = 2147483647;
			files = (
				9938F873268C5A9000F9BFAC /* libavfilter.a in Frameworks */,
				9938F878268C641000F9BFAC /* libz.tbd in Frameworks */,
				9938F893268C651900F9BFAC /* libx264.a in Frameworks */,
				9938F876268C5A9000F9BFAC /* libswresample.a in Frameworks */,
				9938F885268C64E800F9BFAC /* libfdk-aac.a in Frameworks */,
				9938F879268C641E00F9BFAC /* libbz2.tbd in Frameworks */,
				9938F872268C5A9000F9BFAC /* libavutil.a in Frameworks */,
				9938F73E268C492D00F9BFAC /* CoreMedia.framework in Frameworks */,
				9938F875268C5A9000F9BFAC /* libavformat.a in Frameworks */,
				9938F740268C493300F9BFAC /* VideoToolbox.framework in Frameworks */,
				9938F877268C5A9000F9BFAC /* libswscale.a in Frameworks */,
				9938F73C268C492300F9BFAC /* AudioToolbox.framework in Frameworks */,
				9938F874268C5A9000F9BFAC /* libavcodec.a in Frameworks */,
				9938F7EB268C5A2400F9BFAC /* libiconv.tbd in Frameworks */,
				9938F88C268C650100F9BFAC /* libmp3lame.a in Frameworks */,
			);
			runOnlyForDeploymentPostprocessing = 0;
		};
/* End PBXFrameworksBuildPhase section */

/* Begin PBXGroup section */
		9938F6572689A7C700F9BFAC = {
			isa = PBXGroup;
			children = (
				9938F6622689A7C700F9BFAC /* FFmpeg_Demo */,
				9938F6612689A7C700F9BFAC /* Products */,
				9938F737268C48EF00F9BFAC /* Frameworks */,
			);
			sourceTree = "<group>";
		};
		9938F6612689A7C700F9BFAC /* Products */ = {
			isa = PBXGroup;
			children = (
				9938F6602689A7C700F9BFAC /* FFmpeg_Demo.app */,
			);
			name = Products;
			sourceTree = "<group>";
		};
		9938F6622689A7C700F9BFAC /* FFmpeg_Demo */ = {
			isa = PBXGroup;
			children = (
				9938F68F268C0FBB00F9BFAC /* 3rd */,
				9938F67F2689AD9E00F9BFAC /* Business */,
				9938F689268AB81F00F9BFAC /* resource */,
				9938F688268AB81100F9BFAC /* tools */,
				9938F67C2689AD1F00F9BFAC /* main */,
				9938F894268C65A000F9BFAC /* Config */,
				9938F67D2689AD4500F9BFAC /* Supporting Files */,
			);
			path = FFmpeg_Demo;
			sourceTree = "<group>";
		};
		9938F67C2689AD1F00F9BFAC /* main */ = {
			isa = PBXGroup;
			children = (
				9938F6632689A7C700F9BFAC /* AppDelegate.h */,
				9938F6642689A7C700F9BFAC /* AppDelegate.m */,
				9938F6752689A7CC00F9BFAC /* main.m */,
			);
			path = main;
			sourceTree = "<group>";
		};
		9938F67D2689AD4500F9BFAC /* Supporting Files */ = {
			isa = PBXGroup;
			children = (
				9938F66C2689A7C700F9BFAC /* Main.storyboard */,
				9938F66F2689A7CC00F9BFAC /* Assets.xcassets */,
				9938F6712689A7CC00F9BFAC /* LaunchScreen.storyboard */,
				9938F6742689A7CC00F9BFAC /* Info.plist */,
			);
			name = "Supporting Files";
			sourceTree = "<group>";
		};
		9938F67F2689AD9E00F9BFAC /* Business */ = {
			isa = PBXGroup;
			children = (
				9938F6692689A7C700F9BFAC /* ViewController.h */,
				9938F66A2689A7C700F9BFAC /* ViewController.mm */,
			);
			path = Business;
			sourceTree = "<group>";
		};
		9938F688268AB81100F9BFAC /* tools */ = {
			isa = PBXGroup;
			children = (
				9938F6802689ADB600F9BFAC /* Mp3Encoder.cpp */,
				9938F6812689ADB600F9BFAC /* Mp3Encoder.hpp */,
				9938F68C268AB8F700F9BFAC /* MHUtil.h */,
				9938F68D268AB8F700F9BFAC /* MHUtil.m */,
			);
			name = tools;
			path = FFmpeg_Demo/tools;
			sourceTree = SOURCE_ROOT;
		};
		9938F689268AB81F00F9BFAC /* resource */ = {
			isa = PBXGroup;
			children = (
				9938F68A268AB81F00F9BFAC /* vocal.pcm */,
			);
			path = resource;
			sourceTree = "<group>";
		};
		9938F68F268C0FBB00F9BFAC /* 3rd */ = {
			isa = PBXGroup;
			children = (
				9938F88D268C651900F9BFAC /* x264 */,
				9938F886268C650100F9BFAC /* lame */,
				9938F87A268C64E700F9BFAC /* fdk_aac */,
				9938F795268C58E800F9BFAC /* ffmpeg */,
			);
			path = 3rd;
			sourceTree = "<group>";
		};
		9938F737268C48EF00F9BFAC /* Frameworks */ = {
			isa = PBXGroup;
			children = (
				9938F7EA268C59FC00F9BFAC /* libiconv.2.4.0.tbd */,
				9938F73F268C493300F9BFAC /* VideoToolbox.framework */,
				9938F73D268C492D00F9BFAC /* CoreMedia.framework */,
				9938F73B268C492300F9BFAC /* AudioToolbox.framework */,
				9938F73A268C491900F9BFAC /* libiconv.tbd */,
				9938F739268C490E00F9BFAC /* libbz2.tbd */,
				9938F738268C48EF00F9BFAC /* libz.tbd */,
			);
			name = Frameworks;
			sourceTree = "<group>";
		};
		9938F795268C58E800F9BFAC /* ffmpeg */ = {
			isa = PBXGroup;
			children = (
				9938F7EC268C5A9000F9BFAC /* include */,
				9938F86B268C5A9000F9BFAC /* lib */,
			);
			path = ffmpeg;
			sourceTree = "<group>";
		};
		9938F7EC268C5A9000F9BFAC /* include */ = {
			isa = PBXGroup;
			children = (
				9938F7ED268C5A9000F9BFAC /* libavfilter */,
				9938F7F2268C5A9000F9BFAC /* libavutil */,
				9938F848268C5A9000F9BFAC /* libavformat */,
				9938F84C268C5A9000F9BFAC /* libswscale */,
				9938F84F268C5A9000F9BFAC /* libavcodec */,
				9938F868268C5A9000F9BFAC /* libswresample */,
			);
			path = include;
			sourceTree = "<group>";
		};
		9938F7ED268C5A9000F9BFAC /* libavfilter */ = {
			isa = PBXGroup;
			children = (
				9938F7EE268C5A9000F9BFAC /* version.h */,
				9938F7EF268C5A9000F9BFAC /* buffersrc.h */,
				9938F7F0268C5A9000F9BFAC /* buffersink.h */,
				9938F7F1268C5A9000F9BFAC /* avfilter.h */,
			);
			path = libavfilter;
			sourceTree = "<group>";
		};
		9938F7F2268C5A9000F9BFAC /* libavutil */ = {
			isa = PBXGroup;
			children = (
				9938F7F3268C5A9000F9BFAC /* hwcontext.h */,
				9938F7F4268C5A9000F9BFAC /* time.h */,
				9938F7F5268C5A9000F9BFAC /* hwcontext_cuda.h */,
				9938F7F6268C5A9000F9BFAC /* intfloat.h */,
				9938F7F7268C5A9000F9BFAC /* error.h */,
				9938F7F8268C5A9000F9BFAC /* fifo.h */,
				9938F7F9268C5A9000F9BFAC /* blowfish.h */,
				9938F7FA268C5A9000F9BFAC /* hwcontext_mediacodec.h */,
				9938F7FB268C5A9000F9BFAC /* replaygain.h */,
				9938F7FC268C5A9000F9BFAC /* version.h */,
				9938F7FD268C5A9000F9BFAC /* murmur3.h */,
				9938F7FE268C5A9000F9BFAC /* stereo3d.h */,
				9938F7FF268C5A9000F9BFAC /* samplefmt.h */,
				9938F800268C5A9000F9BFAC /* pixdesc.h */,
				9938F801268C5A9000F9BFAC /* base64.h */,
				9938F802268C5A9000F9BFAC /* rational.h */,
				9938F803268C5A9000F9BFAC /* sha.h */,
				9938F804268C5A9000F9BFAC /* motion_vector.h */,
				9938F805268C5A9000F9BFAC /* avconfig.h */,
				9938F806268C5A9000F9BFAC /* lfg.h */,
				9938F807268C5A9000F9BFAC /* avutil.h */,
				9938F808268C5A9000F9BFAC /* hwcontext_vulkan.h */,
				9938F809268C5A9000F9BFAC /* xtea.h */,
				9938F80A268C5A9000F9BFAC /* crc.h */,
				9938F80B268C5A9000F9BFAC /* hwcontext_vdpau.h */,
				9938F80C268C5A9000F9BFAC /* frame.h */,
				9938F80D268C5A9000F9BFAC /* file.h */,
				9938F80E268C5A9000F9BFAC /* md5.h */,
				9938F80F268C5A9000F9BFAC /* cast5.h */,
				9938F810268C5A9000F9BFAC /* hwcontext_vaapi.h */,
				9938F811268C5A9000F9BFAC /* spherical.h */,
				9938F812268C5A9000F9BFAC /* ffversion.h */,
				9938F813268C5A9000F9BFAC /* hwcontext_opencl.h */,
				9938F814268C5A9000F9BFAC /* audio_fifo.h */,
				9938F815268C5A9000F9BFAC /* tree.h */,
				9938F816268C5A9000F9BFAC /* threadmessage.h */,
				9938F817268C5A9000F9BFAC /* attributes.h */,
				9938F818268C5A9000F9BFAC /* adler32.h */,
				9938F819268C5A9000F9BFAC /* hwcontext_d3d11va.h */,
				9938F81A268C5A9000F9BFAC /* timecode.h */,
				9938F81B268C5A9000F9BFAC /* dovi_meta.h */,
				9938F81C268C5A9000F9BFAC /* tx.h */,
				9938F81D268C5A9000F9BFAC /* sha512.h */,
				9938F81E268C5A9000F9BFAC /* hwcontext_dxva2.h */,
				9938F81F268C5A9000F9BFAC /* display.h */,
				9938F820268C5A9000F9BFAC /* buffer.h */,
				9938F821268C5A9000F9BFAC /* camellia.h */,
				9938F822268C5A9000F9BFAC /* pixelutils.h */,
				9938F823268C5A9000F9BFAC /* hwcontext_drm.h */,
				9938F824268C5A9000F9BFAC /* common.h */,
				9938F825268C5A9000F9BFAC /* hmac.h */,
				9938F826268C5A9000F9BFAC /* eval.h */,
				9938F827268C5A9000F9BFAC /* dict.h */,
				9938F828268C5A9000F9BFAC /* random_seed.h */,
				9938F829268C5A9000F9BFAC /* opt.h */,
				9938F82A268C5A9000F9BFAC /* mastering_display_metadata.h */,
				9938F82B268C5A9000F9BFAC /* log.h */,
				9938F82C268C5A9000F9BFAC /* aes.h */,
				9938F82D268C5A9000F9BFAC /* macros.h */,
				9938F82E268C5A9000F9BFAC /* bswap.h */,
				9938F82F268C5A9000F9BFAC /* rc4.h */,
				9938F830268C5A9000F9BFAC /* tea.h */,
				9938F831268C5A9000F9BFAC /* cpu.h */,
				9938F832268C5A9000F9BFAC /* des.h */,
				9938F833268C5A9000F9BFAC /* channel_layout.h */,
				9938F834268C5A9000F9BFAC /* encryption_info.h */,
				9938F835268C5A9000F9BFAC /* twofish.h */,
				9938F836268C5A9000F9BFAC /* imgutils.h */,
				9938F837268C5A9000F9BFAC /* hwcontext_videotoolbox.h */,
				9938F838268C5A9000F9BFAC /* video_enc_params.h */,
				9938F839268C5A9000F9BFAC /* mem.h */,
				9938F83A268C5A9000F9BFAC /* parseutils.h */,
				9938F83B268C5A9000F9BFAC /* ripemd.h */,
				9938F83C268C5A9000F9BFAC /* bprint.h */,
				9938F83D268C5A9000F9BFAC /* hdr_dynamic_metadata.h */,
				9938F83E268C5A9000F9BFAC /* hwcontext_qsv.h */,
				9938F83F268C5A9000F9BFAC /* pixfmt.h */,
				9938F840268C5A9000F9BFAC /* aes_ctr.h */,
				9938F841268C5A9000F9BFAC /* timestamp.h */,
				9938F842268C5A9000F9BFAC /* downmix_info.h */,
				9938F843268C5A9000F9BFAC /* avassert.h */,
				9938F844268C5A9000F9BFAC /* hash.h */,
				9938F845268C5A9000F9BFAC /* mathematics.h */,
				9938F846268C5A9000F9BFAC /* intreadwrite.h */,
				9938F847268C5A9000F9BFAC /* avstring.h */,
			);
			path = libavutil;
			sourceTree = "<group>";
		};
		9938F848268C5A9000F9BFAC /* libavformat */ = {
			isa = PBXGroup;
			children = (
				9938F849268C5A9000F9BFAC /* version.h */,
				9938F84A268C5A9000F9BFAC /* avio.h */,
				9938F84B268C5A9000F9BFAC /* avformat.h */,
			);
			path = libavformat;
			sourceTree = "<group>";
		};
		9938F84C268C5A9000F9BFAC /* libswscale */ = {
			isa = PBXGroup;
			children = (
				9938F84D268C5A9000F9BFAC /* version.h */,
				9938F84E268C5A9000F9BFAC /* swscale.h */,
			);
			path = libswscale;
			sourceTree = "<group>";
		};
		9938F84F268C5A9000F9BFAC /* libavcodec */ = {
			isa = PBXGroup;
			children = (
				9938F850268C5A9000F9BFAC /* adts_parser.h */,
				9938F851268C5A9000F9BFAC /* avcodec.h */,
				9938F852268C5A9000F9BFAC /* version.h */,
				9938F853268C5A9000F9BFAC /* vdpau.h */,
				9938F854268C5A9000F9BFAC /* codec_par.h */,
				9938F855268C5A9000F9BFAC /* qsv.h */,
				9938F856268C5A9000F9BFAC /* vaapi.h */,
				9938F857268C5A9000F9BFAC /* codec_desc.h */,
				9938F858268C5A9000F9BFAC /* videotoolbox.h */,
				9938F859268C5A9000F9BFAC /* xvmc.h */,
				9938F85A268C5A9000F9BFAC /* mediacodec.h */,
				9938F85B268C5A9000F9BFAC /* d3d11va.h */,
				9938F85C268C5A9000F9BFAC /* avfft.h */,
				9938F85D268C5A9000F9BFAC /* codec.h */,
				9938F85E268C5A9000F9BFAC /* jni.h */,
				9938F85F268C5A9000F9BFAC /* packet.h */,
				9938F860268C5A9000F9BFAC /* bsf.h */,
				9938F861268C5A9000F9BFAC /* codec_id.h */,
				9938F862268C5A9000F9BFAC /* dirac.h */,
				9938F863268C5A9000F9BFAC /* avdct.h */,
				9938F864268C5A9000F9BFAC /* ac3_parser.h */,
				9938F865268C5A9000F9BFAC /* vorbis_parser.h */,
				9938F866268C5A9000F9BFAC /* dxva2.h */,
				9938F867268C5A9000F9BFAC /* dv_profile.h */,
			);
			path = libavcodec;
			sourceTree = "<group>";
		};
		9938F868268C5A9000F9BFAC /* libswresample */ = {
			isa = PBXGroup;
			children = (
				9938F869268C5A9000F9BFAC /* version.h */,
				9938F86A268C5A9000F9BFAC /* swresample.h */,
			);
			path = libswresample;
			sourceTree = "<group>";
		};
		9938F86B268C5A9000F9BFAC /* lib */ = {
			isa = PBXGroup;
			children = (
				9938F86C268C5A9000F9BFAC /* libavutil.a */,
				9938F86D268C5A9000F9BFAC /* libavfilter.a */,
				9938F86E268C5A9000F9BFAC /* libavcodec.a */,
				9938F86F268C5A9000F9BFAC /* libavformat.a */,
				9938F870268C5A9000F9BFAC /* libswresample.a */,
				9938F871268C5A9000F9BFAC /* libswscale.a */,
			);
			path = lib;
			sourceTree = "<group>";
		};
		9938F87A268C64E700F9BFAC /* fdk_aac */ = {
			isa = PBXGroup;
			children = (
				9938F87B268C64E700F9BFAC /* include */,
				9938F883268C64E700F9BFAC /* lib */,
			);
			path = fdk_aac;
			sourceTree = "<group>";
		};
		9938F87B268C64E700F9BFAC /* include */ = {
			isa = PBXGroup;
			children = (
				9938F87C268C64E700F9BFAC /* fdk-aac */,
			);
			path = include;
			sourceTree = "<group>";
		};
		9938F87C268C64E700F9BFAC /* fdk-aac */ = {
			isa = PBXGroup;
			children = (
				9938F87D268C64E700F9BFAC /* syslib_channelMapDescr.h */,
				9938F87E268C64E700F9BFAC /* aacdecoder_lib.h */,
				9938F87F268C64E700F9BFAC /* machine_type.h */,
				9938F880268C64E700F9BFAC /* aacenc_lib.h */,
				9938F881268C64E700F9BFAC /* genericStds.h */,
				9938F882268C64E700F9BFAC /* FDK_audio.h */,
			);
			path = "fdk-aac";
			sourceTree = "<group>";
		};
		9938F883268C64E700F9BFAC /* lib */ = {
			isa = PBXGroup;
			children = (
				9938F884268C64E700F9BFAC /* libfdk-aac.a */,
			);
			path = lib;
			sourceTree = "<group>";
		};
		9938F886268C650100F9BFAC /* lame */ = {
			isa = PBXGroup;
			children = (
				9938F887268C650100F9BFAC /* include */,
				9938F88A268C650100F9BFAC /* lib */,
			);
			path = lame;
			sourceTree = "<group>";
		};
		9938F887268C650100F9BFAC /* include */ = {
			isa = PBXGroup;
			children = (
				9938F888268C650100F9BFAC /* lame */,
			);
			path = include;
			sourceTree = "<group>";
		};
		9938F888268C650100F9BFAC /* lame */ = {
			isa = PBXGroup;
			children = (
				9938F889268C650100F9BFAC /* lame.h */,
			);
			path = lame;
			sourceTree = "<group>";
		};
		9938F88A268C650100F9BFAC /* lib */ = {
			isa = PBXGroup;
			children = (
				9938F88B268C650100F9BFAC /* libmp3lame.a */,
			);
			path = lib;
			sourceTree = "<group>";
		};
		9938F88D268C651900F9BFAC /* x264 */ = {
			isa = PBXGroup;
			children = (
				9938F88E268C651900F9BFAC /* include */,
				9938F891268C651900F9BFAC /* lib */,
			);
			path = x264;
			sourceTree = "<group>";
		};
		9938F88E268C651900F9BFAC /* include */ = {
			isa = PBXGroup;
			children = (
				9938F88F268C651900F9BFAC /* x264_config.h */,
				9938F890268C651900F9BFAC /* x264.h */,
			);
			path = include;
			sourceTree = "<group>";
		};
		9938F891268C651900F9BFAC /* lib */ = {
			isa = PBXGroup;
			children = (
				9938F892268C651900F9BFAC /* libx264.a */,
			);
			path = lib;
			sourceTree = "<group>";
		};
		9938F894268C65A000F9BFAC /* Config */ = {
			isa = PBXGroup;
			children = (
				9938F895268C65F500F9BFAC /* PrefixHeader.pch */,
				99604121268C68BD00C714BF /* Header.h */,
			);
			path = Config;
			sourceTree = "<group>";
		};
/* End PBXGroup section */

/* Begin PBXNativeTarget section */
		9938F65F2689A7C700F9BFAC /* FFmpeg_Demo */ = {
			isa = PBXNativeTarget;
			buildConfigurationList = 9938F6792689A7CC00F9BFAC /* Build configuration list for PBXNativeTarget "FFmpeg_Demo" */;
			buildPhases = (
				9938F65C2689A7C700F9BFAC /* Sources */,
				9938F65D2689A7C700F9BFAC /* Frameworks */,
				9938F65E2689A7C700F9BFAC /* Resources */,
			);
			buildRules = (
			);
			dependencies = (
			);
			name = FFmpeg_Demo;
			productName = FFmpeg_Demo;
			productReference = 9938F6602689A7C700F9BFAC /* FFmpeg_Demo.app */;
			productType = "com.apple.product-type.application";
		};
/* End PBXNativeTarget section */

/* Begin PBXProject section */
		9938F6582689A7C700F9BFAC /* Project object */ = {
			isa = PBXProject;
			attributes = {
				LastUpgradeCheck = 1250;
				TargetAttributes = {
					9938F65F2689A7C700F9BFAC = {
						CreatedOnToolsVersion = 12.5;
					};
				};
			};
			buildConfigurationList = 9938F65B2689A7C700F9BFAC /* Build configuration list for PBXProject "FFmpeg_Demo" */;
			compatibilityVersion = "Xcode 9.3";
			developmentRegion = en;
			hasScannedForEncodings = 0;
			knownRegions = (
				en,
				Base,
			);
			mainGroup = 9938F6572689A7C700F9BFAC;
			productRefGroup = 9938F6612689A7C700F9BFAC /* Products */;
			projectDirPath = "";
			projectRoot = "";
			targets = (
				9938F65F2689A7C700F9BFAC /* FFmpeg_Demo */,
			);
		};
/* End PBXProject section */

/* Begin PBXResourcesBuildPhase section */
		9938F65E2689A7C700F9BFAC /* Resources */ = {
			isa = PBXResourcesBuildPhase;
			buildActionMask = 2147483647;
			files = (
				9938F68B268AB81F00F9BFAC /* vocal.pcm in Resources */,
				9938F6732689A7CC00F9BFAC /* LaunchScreen.storyboard in Resources */,
				9938F6702689A7CC00F9BFAC /* Assets.xcassets in Resources */,
				9938F66E2689A7C700F9BFAC /* Main.storyboard in Resources */,
			);
			runOnlyForDeploymentPostprocessing = 0;
		};
/* End PBXResourcesBuildPhase section */

/* Begin PBXSourcesBuildPhase section */
		9938F65C2689A7C700F9BFAC /* Sources */ = {
			isa = PBXSourcesBuildPhase;
			buildActionMask = 2147483647;
			files = (
				9938F68E268AB8F700F9BFAC /* MHUtil.m in Sources */,
				9938F66B2689A7C700F9BFAC /* ViewController.mm in Sources */,
				9938F6652689A7C700F9BFAC /* AppDelegate.m in Sources */,
				9938F6762689A7CC00F9BFAC /* main.m in Sources */,
				9938F6822689ADB600F9BFAC /* Mp3Encoder.cpp in Sources */,
			);
			runOnlyForDeploymentPostprocessing = 0;
		};
/* End PBXSourcesBuildPhase section */

/* Begin PBXVariantGroup section */
		9938F66C2689A7C700F9BFAC /* Main.storyboard */ = {
			isa = PBXVariantGroup;
			children = (
				9938F66D2689A7C700F9BFAC /* Base */,
			);
			name = Main.storyboard;
			sourceTree = "<group>";
		};
		9938F6712689A7CC00F9BFAC /* LaunchScreen.storyboard */ = {
			isa = PBXVariantGroup;
			children = (
				9938F6722689A7CC00F9BFAC /* Base */,
			);
			name = LaunchScreen.storyboard;
			sourceTree = "<group>";
		};
/* End PBXVariantGroup section */

/* Begin XCBuildConfiguration section */
		9938F6772689A7CC00F9BFAC /* Debug */ = {
			isa = XCBuildConfiguration;
			buildSettings = {
				ALWAYS_SEARCH_USER_PATHS = NO;
				CLANG_ANALYZER_NONNULL = YES;
				CLANG_ANALYZER_NUMBER_OBJECT_CONVERSION = YES_AGGRESSIVE;
				CLANG_CXX_LANGUAGE_STANDARD = "gnu++14";
				CLANG_CXX_LIBRARY = "libc++";
				CLANG_ENABLE_MODULES = YES;
				CLANG_ENABLE_OBJC_ARC = YES;
				CLANG_ENABLE_OBJC_WEAK = YES;
				CLANG_WARN_BLOCK_CAPTURE_AUTORELEASING = YES;
				CLANG_WARN_BOOL_CONVERSION = YES;
				CLANG_WARN_COMMA = YES;
				CLANG_WARN_CONSTANT_CONVERSION = YES;
				CLANG_WARN_DEPRECATED_OBJC_IMPLEMENTATIONS = YES;
				CLANG_WARN_DIRECT_OBJC_ISA_USAGE = YES_ERROR;
				CLANG_WARN_DOCUMENTATION_COMMENTS = YES;
				CLANG_WARN_EMPTY_BODY = YES;
				CLANG_WARN_ENUM_CONVERSION = YES;
				CLANG_WARN_INFINITE_RECURSION = YES;
				CLANG_WARN_INT_CONVERSION = YES;
				CLANG_WARN_NON_LITERAL_NULL_CONVERSION = YES;
				CLANG_WARN_OBJC_IMPLICIT_RETAIN_SELF = YES;
				CLANG_WARN_OBJC_LITERAL_CONVERSION = YES;
				CLANG_WARN_OBJC_ROOT_CLASS = YES_ERROR;
				CLANG_WARN_QUOTED_INCLUDE_IN_FRAMEWORK_HEADER = YES;
				CLANG_WARN_RANGE_LOOP_ANALYSIS = YES;
				CLANG_WARN_STRICT_PROTOTYPES = YES;
				CLANG_WARN_SUSPICIOUS_MOVE = YES;
				CLANG_WARN_UNGUARDED_AVAILABILITY = YES_AGGRESSIVE;
				CLANG_WARN_UNREACHABLE_CODE = YES;
				CLANG_WARN__DUPLICATE_METHOD_MATCH = YES;
				COPY_PHASE_STRIP = NO;
				DEBUG_INFORMATION_FORMAT = dwarf;
				ENABLE_STRICT_OBJC_MSGSEND = YES;
				ENABLE_TESTABILITY = YES;
				GCC_C_LANGUAGE_STANDARD = gnu11;
				GCC_DYNAMIC_NO_PIC = NO;
				GCC_NO_COMMON_BLOCKS = YES;
				GCC_OPTIMIZATION_LEVEL = 0;
				GCC_PREPROCESSOR_DEFINITIONS = (
					"DEBUG=1",
					"$(inherited)",
				);
				GCC_WARN_64_TO_32_BIT_CONVERSION = YES;
				GCC_WARN_ABOUT_RETURN_TYPE = YES_ERROR;
				GCC_WARN_UNDECLARED_SELECTOR = YES;
				GCC_WARN_UNINITIALIZED_AUTOS = YES_AGGRESSIVE;
				GCC_WARN_UNUSED_FUNCTION = YES;
				GCC_WARN_UNUSED_VARIABLE = YES;
				IPHONEOS_DEPLOYMENT_TARGET = 14.5;
				MTL_ENABLE_DEBUG_INFO = INCLUDE_SOURCE;
				MTL_FAST_MATH = YES;
				ONLY_ACTIVE_ARCH = YES;
				SDKROOT = iphoneos;
			};
			name = Debug;
		};
		9938F6782689A7CC00F9BFAC /* Release */ = {
			isa = XCBuildConfiguration;
			buildSettings = {
				ALWAYS_SEARCH_USER_PATHS = NO;
				CLANG_ANALYZER_NONNULL = YES;
				CLANG_ANALYZER_NUMBER_OBJECT_CONVERSION = YES_AGGRESSIVE;
				CLANG_CXX_LANGUAGE_STANDARD = "gnu++14";
				CLANG_CXX_LIBRARY = "libc++";
				CLANG_ENABLE_MODULES = YES;
				CLANG_ENABLE_OBJC_ARC = YES;
				CLANG_ENABLE_OBJC_WEAK = YES;
				CLANG_WARN_BLOCK_CAPTURE_AUTORELEASING = YES;
				CLANG_WARN_BOOL_CONVERSION = YES;
				CLANG_WARN_COMMA = YES;
				CLANG_WARN_CONSTANT_CONVERSION = YES;
				CLANG_WARN_DEPRECATED_OBJC_IMPLEMENTATIONS = YES;
				CLANG_WARN_DIRECT_OBJC_ISA_USAGE = YES_ERROR;
				CLANG_WARN_DOCUMENTATION_COMMENTS = YES;
				CLANG_WARN_EMPTY_BODY = YES;
				CLANG_WARN_ENUM_CONVERSION = YES;
				CLANG_WARN_INFINITE_RECURSION = YES;
				CLANG_WARN_INT_CONVERSION = YES;
				CLANG_WARN_NON_LITERAL_NULL_CONVERSION = YES;
				CLANG_WARN_OBJC_IMPLICIT_RETAIN_SELF = YES;
				CLANG_WARN_OBJC_LITERAL_CONVERSION = YES;
				CLANG_WARN_OBJC_ROOT_CLASS = YES_ERROR;
				CLANG_WARN_QUOTED_INCLUDE_IN_FRAMEWORK_HEADER = YES;
				CLANG_WARN_RANGE_LOOP_ANALYSIS = YES;
				CLANG_WARN_STRICT_PROTOTYPES = YES;
				CLANG_WARN_SUSPICIOUS_MOVE = YES;
				CLANG_WARN_UNGUARDED_AVAILABILITY = YES_AGGRESSIVE;
				CLANG_WARN_UNREACHABLE_CODE = YES;
				CLANG_WARN__DUPLICATE_METHOD_MATCH = YES;
				COPY_PHASE_STRIP = NO;
				DEBUG_INFORMATION_FORMAT = "dwarf-with-dsym";
				ENABLE_NS_ASSERTIONS = NO;
				ENABLE_STRICT_OBJC_MSGSEND = YES;
				GCC_C_LANGUAGE_STANDARD = gnu11;
				GCC_NO_COMMON_BLOCKS = YES;
				GCC_WARN_64_TO_32_BIT_CONVERSION = YES;
				GCC_WARN_ABOUT_RETURN_TYPE = YES_ERROR;
				GCC_WARN_UNDECLARED_SELECTOR = YES;
				GCC_WARN_UNINITIALIZED_AUTOS = YES_AGGRESSIVE;
				GCC_WARN_UNUSED_FUNCTION = YES;
				GCC_WARN_UNUSED_VARIABLE = YES;
				IPHONEOS_DEPLOYMENT_TARGET = 14.5;
				MTL_ENABLE_DEBUG_INFO = NO;
				MTL_FAST_MATH = YES;
				SDKROOT = iphoneos;
				VALIDATE_PRODUCT = YES;
			};
			name = Release;
		};
		9938F67A2689A7CC00F9BFAC /* Debug */ = {
			isa = XCBuildConfiguration;
			buildSettings = {
				ASSETCATALOG_COMPILER_APPICON_NAME = AppIcon;
				ASSETCATALOG_COMPILER_GLOBAL_ACCENT_COLOR_NAME = AccentColor;
				CODE_SIGN_STYLE = Automatic;
				DEVELOPMENT_TEAM = 79MJSMMJTD;
				ENABLE_BITCODE = YES;
				GCC_INCREASE_PRECOMPILED_HEADER_SHARING = NO;
				GCC_PREFIX_HEADER = "$(SRCROOT)/FFmpeg_Demo/Config/PrefixHeader.pch";
				HEADER_SEARCH_PATHS = "$(PROJECT_DIR)/FFmpeg_Demo/3rd/ffmpeg/include";
				INFOPLIST_FILE = FFmpeg_Demo/Info.plist;
				IPHONEOS_DEPLOYMENT_TARGET = 9.0;
				LD_RUNPATH_SEARCH_PATHS = (
					"$(inherited)",
					"@executable_path/Frameworks",
				);
				LIBRARY_SEARCH_PATHS = (
					"$(inherited)",
					"$(PROJECT_DIR)/FFmpeg_Demo/3rd/ffmpeg/lib",
					"$(PROJECT_DIR)/FFmpeg_Demo/3rd/fdk_aac/lib",
					"$(PROJECT_DIR)/FFmpeg_Demo/3rd/lame/lib",
					"$(PROJECT_DIR)/FFmpeg_Demo/3rd/x264/lib",
				);
				PRODUCT_BUNDLE_IDENTIFIER = "com.robot.MDMapAndCamera.FFmpeg-Demo";
				PRODUCT_NAME = "$(TARGET_NAME)";
				TARGETED_DEVICE_FAMILY = 1;
			};
			name = Debug;
		};
		9938F67B2689A7CC00F9BFAC /* Release */ = {
			isa = XCBuildConfiguration;
			buildSettings = {
				ASSETCATALOG_COMPILER_APPICON_NAME = AppIcon;
				ASSETCATALOG_COMPILER_GLOBAL_ACCENT_COLOR_NAME = AccentColor;
				CODE_SIGN_STYLE = Automatic;
				DEVELOPMENT_TEAM = 79MJSMMJTD;
				ENABLE_BITCODE = YES;
				GCC_INCREASE_PRECOMPILED_HEADER_SHARING = NO;
				GCC_PREFIX_HEADER = "$(SRCROOT)/FFmpeg_Demo/Config/PrefixHeader.pch";
				HEADER_SEARCH_PATHS = "$(PROJECT_DIR)/FFmpeg_Demo/3rd/ffmpeg/include";
				INFOPLIST_FILE = FFmpeg_Demo/Info.plist;
				IPHONEOS_DEPLOYMENT_TARGET = 9.0;
				LD_RUNPATH_SEARCH_PATHS = (
					"$(inherited)",
					"@executable_path/Frameworks",
				);
				LIBRARY_SEARCH_PATHS = (
					"$(inherited)",
					"$(PROJECT_DIR)/FFmpeg_Demo/3rd/ffmpeg/lib",
					"$(PROJECT_DIR)/FFmpeg_Demo/3rd/fdk_aac/lib",
					"$(PROJECT_DIR)/FFmpeg_Demo/3rd/lame/lib",
					"$(PROJECT_DIR)/FFmpeg_Demo/3rd/x264/lib",
				);
				PRODUCT_BUNDLE_IDENTIFIER = "com.robot.MDMapAndCamera.FFmpeg-Demo";
				PRODUCT_NAME = "$(TARGET_NAME)";
				TARGETED_DEVICE_FAMILY = 1;
			};
			name = Release;
		};
/* End XCBuildConfiguration section */

/* Begin XCConfigurationList section */
		9938F65B2689A7C700F9BFAC /* Build configuration list for PBXProject "FFmpeg_Demo" */ = {
			isa = XCConfigurationList;
			buildConfigurations = (
				9938F6772689A7CC00F9BFAC /* Debug */,
				9938F6782689A7CC00F9BFAC /* Release */,
			);
			defaultConfigurationIsVisible = 0;
			defaultConfigurationName = Release;
		};
		9938F6792689A7CC00F9BFAC /* Build configuration list for PBXNativeTarget "FFmpeg_Demo" */ = {
			isa = XCConfigurationList;
			buildConfigurations = (
				9938F67A2689A7CC00F9BFAC /* Debug */,
				9938F67B2689A7CC00F9BFAC /* Release */,
			);
			defaultConfigurationIsVisible = 0;
			defaultConfigurationName = Release;
		};
/* End XCConfigurationList section */
	};
	rootObject = 9938F6582689A7C700F9BFAC /* Project object */;
}
